
Microsoft Visual Studio Solution File, Format Version 12.00
# Visual Studio 14
VisualStudioVersion = 14.0.25420.1
MinimumVisualStudioVersion = 10.0.40219.1
Project("{FAE04EC0-301F-11D3-BF4B-00C04F79EFBC}") = "VIPCustomer", "VIPCustomer\VIPCustomer.csproj", "{F4E766A4-57BE-4E5D-96C0-58ABACC454BC}"
EndProject
Project("{FAE04EC0-301F-11D3-BF4B-00C04F79EFBC}") = "BLL", "BLL\BLL.csproj", "{56351A6E-7403-449E-8F2D-9A77DA1F52EB}"
EndProject
Project("{FAE04EC0-301F-11D3-BF4B-00C04F79EFBC}") = "DAL", "DAL\DAL.csproj", "{CDD47FD2-2BEC-4B7D-AB79-2EC5B5B6B142}"
EndProject
Project("{FAE04EC0-301F-11D3-BF4B-00C04F79EFBC}") = "Common", "Common\Common.csproj", "{F68A46DC-8DAE-4DCB-BB4C-48047C94FB94}"
EndProject
Global
	GlobalSection(SolutionConfigurationPlatforms) = preSolution
		Debug|Any CPU = Debug|Any CPU
		Release|Any CPU = Release|Any CPU
	EndGlobalSection
	GlobalSection(ProjectConfigurationPlatforms) = postSolution
		{F4E766A4-57BE-4E5D-96C0-58ABACC454BC}.Debug|Any CPU.ActiveCfg = Debug|Any CPU
		{F4E766A4-57BE-4E5D-96C0-58ABACC454BC}.Debug|Any CPU.Build.0 = Debug|Any CPU
		{F4E766A4-57BE-4E5D-96C0-58ABACC454BC}.Release|Any CPU.ActiveCfg = Release|Any CPU
		{F4E766A4-57BE-4E5D-96C0-58ABACC454BC}.Release|Any CPU.Build.0 = Release|Any CPU
		{56351A6E-7403-449E-8F2D-9A77DA1F52EB}.Debug|Any CPU.ActiveCfg = Debug|Any CPU
		{56351A6E-7403-449E-8F2D-9A77DA1F52EB}.Debug|Any CPU.Build.0 = Debug|Any CPU
		{56351A6E-7403-449E-8F2D-9A77DA1F52EB}.Release|Any CPU.ActiveCfg = Release|Any CPU
		{56351A6E-7403-449E-8F2D-9A77DA1F52EB}.Release|Any CPU.Build.0 = Release|Any CPU
		{CDD47FD2-2BEC-4B7D-AB79-2EC5B5B6B142}.Debug|Any CPU.ActiveCfg = Debug|Any CPU
		{CDD47FD2-2BEC-4B7D-AB79-2EC5B5B6B142}.Debug|Any CPU.Build.0 = Debug|Any CPU
		{CDD47FD2-2BEC-4B7D-AB79-2EC5B5B6B142}.Release|Any CPU.ActiveCfg = Release|Any CPU
		{CDD47FD2-2BEC-4B7D-AB79-2EC5B5B6B142}.Release|Any CPU.Build.0 = Release|Any CPU
		{F68A46DC-8DAE-4DCB-BB4C-48047C94FB94}.Debug|Any CPU.ActiveCfg = Debug|Any CPU
		{F68A46DC-8DAE-4DCB-BB4C-48047C94FB94}.Debug|Any CPU.Build.0 = Debug|Any CPU
		{F68A46DC-8DAE-4DCB-BB4C-48047C94FB94}.Release|Any CPU.ActiveCfg = Release|Any CPU
		{F68A46DC-8DAE-4DCB-BB4C-48047C94FB94}.Release|Any CPU.Build.0 = Release|Any CPU
	EndGlobalSection
	GlobalSection(SolutionProperties) = preSolution
		HideSolutionNode = FALSE
	EndGlobalSection
EndGlobal
